// !$*UTF8*$!
{
	archiveVersion = 1;
	classes = {
	};
	objectVersion = 48;
	objects = {

/* Begin PBXBuildFile section */
		AADF39E21FFCDA0E00A8D8FC /* CaptureView.swift in Sources */ = {isa = PBXBuildFile; fileRef = AADF39E11FFCDA0E00A8D8FC /* CaptureView.swift */; };
		AAE4C7E62005C7F600018CE3 /* zxing_laser.png in Resources */ = {isa = PBXBuildFile; fileRef = AAE4C7E42005C7F500018CE3 /* zxing_laser.png */; };
		AAE4C7EA2005E25500018CE3 /* nav_back.png in Resources */ = {isa = PBXBuildFile; fileRef = AAE4C7E92005E25500018CE3 /* nav_back.png */; };
		AAE4C7F22005F3AD00018CE3 /* more.png in Resources */ = {isa = PBXBuildFile; fileRef = AAE4C7F12005F3AD00018CE3 /* more.png */; };
		AAF2E86F2000D737003081AD /* CaptureCollectionViewCell.swift in Sources */ = {isa = PBXBuildFile; fileRef = AAF2E86E2000D737003081AD /* CaptureCollectionViewCell.swift */; };
		AAF79F161FEDE87A00E9F589 /* AppDelegate.swift in Sources */ = {isa = PBXBuildFile; fileRef = AAF79F151FEDE87A00E9F589 /* AppDelegate.swift */; };
		AAF79F181FEDE87A00E9F589 /* ViewController.swift in Sources */ = {isa = PBXBuildFile; fileRef = AAF79F171FEDE87A00E9F589 /* ViewController.swift */; };
		AAF79F1B1FEDE87A00E9F589 /* Main.storyboard in Resources */ = {isa = PBXBuildFile; fileRef = AAF79F191FEDE87A00E9F589 /* Main.storyboard */; };
		AAF79F1D1FEDE87A00E9F589 /* Images.xcassets in Resources */ = {isa = PBXBuildFile; fileRef = AAF79F1C1FEDE87A00E9F589 /* Images.xcassets */; };
		AAF79F201FEDE87A00E9F589 /* LaunchScreen.storyboard in Resources */ = {isa = PBXBuildFile; fileRef = AAF79F1E1FEDE87A00E9F589 /* LaunchScreen.storyboard */; };
		AAF79F2B1FEDE87A00E9F589 /* CaptureBarCodeTests.swift in Sources */ = {isa = PBXBuildFile; fileRef = AAF79F2A1FEDE87A00E9F589 /* CaptureBarCodeTests.swift */; };
		AAF79F361FEDE87B00E9F589 /* CaptureBarCodeUITests.swift in Sources */ = {isa = PBXBuildFile; fileRef = AAF79F351FEDE87B00E9F589 /* CaptureBarCodeUITests.swift */; };
/* End PBXBuildFile section */

/* Begin PBXContainerItemProxy section */
		AAF79F271FEDE87A00E9F589 /* PBXContainerItemProxy */ = {
			isa = PBXContainerItemProxy;
			containerPortal = AAF79F0A1FEDE87A00E9F589 /* Project object */;
			proxyType = 1;
			remoteGlobalIDString = AAF79F111FEDE87A00E9F589;
			remoteInfo = CaptureBarCode;
		};
		AAF79F321FEDE87B00E9F589 /* PBXContainerItemProxy */ = {
			isa = PBXContainerItemProxy;
			containerPortal = AAF79F0A1FEDE87A00E9F589 /* Project object */;
			proxyType = 1;
			remoteGlobalIDString = AAF79F111FEDE87A00E9F589;
			remoteInfo = CaptureBarCode;
		};
/* End PBXContainerItemProxy section */

/* Begin PBXFileReference section */
		AADF39E11FFCDA0E00A8D8FC /* CaptureView.swift */ = {isa = PBXFileReference; lastKnownFileType = sourcecode.swift; path = CaptureView.swift; sourceTree = "<group>"; };
		AAE4C7E42005C7F500018CE3 /* zxing_laser.png */ = {isa = PBXFileReference; lastKnownFileType = image.png; path = zxing_laser.png; sourceTree = "<group>"; };
		AAE4C7E92005E25500018CE3 /* nav_back.png */ = {isa = PBXFileReference; lastKnownFileType = image.png; path = nav_back.png; sourceTree = "<group>"; };
		AAE4C7F12005F3AD00018CE3 /* more.png */ = {isa = PBXFileReference; lastKnownFileType = image.png; path = more.png; sourceTree = "<group>"; };
		AAF2E86E2000D737003081AD /* CaptureCollectionViewCell.swift */ = {isa = PBXFileReference; lastKnownFileType = sourcecode.swift; path = CaptureCollectionViewCell.swift; sourceTree = "<group>"; };
		AAF79F121FEDE87A00E9F589 /* CaptureBarCode.app */ = {isa = PBXFileReference; explicitFileType = wrapper.application; includeInIndex = 0; path = CaptureBarCode.app; sourceTree = BUILT_PRODUCTS_DIR; };
		AAF79F151FEDE87A00E9F589 /* AppDelegate.swift */ = {isa = PBXFileReference; lastKnownFileType = sourcecode.swift; path = AppDelegate.swift; sourceTree = "<group>"; };
		AAF79F171FEDE87A00E9F589 /* ViewController.swift */ = {isa = PBXFileReference; lastKnownFileType = sourcecode.swift; path = ViewController.swift; sourceTree = "<group>"; };
		AAF79F1A1FEDE87A00E9F589 /* Base */ = {isa = PBXFileReference; lastKnownFileType = file.storyboard; name = Base; path = Base.lproj/Main.storyboard; sourceTree = "<group>"; };
		AAF79F1C1FEDE87A00E9F589 /* Images.xcassets */ = {isa = PBXFileReference; lastKnownFileType = folder.assetcatalog; path = Images.xcassets; sourceTree = "<group>"; };
		AAF79F1F1FEDE87A00E9F589 /* Base */ = {isa = PBXFileReference; lastKnownFileType = file.storyboard; name = Base; path = Base.lproj/LaunchScreen.storyboard; sourceTree = "<group>"; };
		AAF79F211FEDE87A00E9F589 /* Info.plist */ = {isa = PBXFileReference; lastKnownFileType = text.plist.xml; path = Info.plist; sourceTree = "<group>"; };
		AAF79F261FEDE87A00E9F589 /* CaptureBarCodeTests.xctest */ = {isa = PBXFileReference; explicitFileType = wrapper.cfbundle; includeInIndex = 0; path = CaptureBarCodeTests.xctest; sourceTree = BUILT_PRODUCTS_DIR; };
		AAF79F2A1FEDE87A00E9F589 /* CaptureBarCodeTests.swift */ = {isa = PBXFileReference; lastKnownFileType = sourcecode.swift; path = CaptureBarCodeTests.swift; sourceTree = "<group>"; };
		AAF79F2C1FEDE87A00E9F589 /* Info.plist */ = {isa = PBXFileReference; lastKnownFileType = text.plist.xml; path = Info.plist; sourceTree = "<group>"; };
		AAF79F311FEDE87B00E9F589 /* CaptureBarCodeUITests.xctest */ = {isa = PBXFileReference; explicitFileType = wrapper.cfbundle; includeInIndex = 0; path = CaptureBarCodeUITests.xctest; sourceTree = BUILT_PRODUCTS_DIR; };
		AAF79F351FEDE87B00E9F589 /* CaptureBarCodeUITests.swift */ = {isa = PBXFileReference; lastKnownFileType = sourcecode.swift; path = CaptureBarCodeUITests.swift; sourceTree = "<group>"; };
		AAF79F371FEDE87B00E9F589 /* Info.plist */ = {isa = PBXFileReference; lastKnownFileType = text.plist.xml; path = Info.plist; sourceTree = "<group>"; };
/* End PBXFileReference section */

/* Begin PBXFrameworksBuildPhase section */
		AAF79F0F1FEDE87A00E9F589 /* Frameworks */ = {
			isa = PBXFrameworksBuildPhase;
			buildActionMask = 2147483647;
			files = (
			);
			runOnlyForDeploymentPostprocessing = 0;
		};
		AAF79F231FEDE87A00E9F589 /* Frameworks */ = {
			isa = PBXFrameworksBuildPhase;
			buildActionMask = 2147483647;
			files = (
			);
			runOnlyForDeploymentPostprocessing = 0;
		};
		AAF79F2E1FEDE87B00E9F589 /* Frameworks */ = {
			isa = PBXFrameworksBuildPhase;
			buildActionMask = 2147483647;
			files = (
			);
			runOnlyForDeploymentPostprocessing = 0;
		};
/* End PBXFrameworksBuildPhase section */

/* Begin PBXGroup section */
		AAE4C7E82005C85400018CE3 /* ResouceImage */ = {
			isa = PBXGroup;
			children = (
				AAE4C7F12005F3AD00018CE3 /* more.png */,
				AAE4C7E92005E25500018CE3 /* nav_back.png */,
				AAE4C7E42005C7F500018CE3 /* zxing_laser.png */,
			);
			path = ResouceImage;
			sourceTree = "<group>";
		};
		AAF79F091FEDE87A00E9F589 = {
			isa = PBXGroup;
			children = (
				AAF79F141FEDE87A00E9F589 /* CaptureBarCode */,
				AAF79F291FEDE87A00E9F589 /* CaptureBarCodeTests */,
				AAF79F341FEDE87B00E9F589 /* CaptureBarCodeUITests */,
				AAF79F131FEDE87A00E9F589 /* Products */,
			);
			sourceTree = "<group>";
		};
		AAF79F131FEDE87A00E9F589 /* Products */ = {
			isa = PBXGroup;
			children = (
				AAF79F121FEDE87A00E9F589 /* CaptureBarCode.app */,
				AAF79F261FEDE87A00E9F589 /* CaptureBarCodeTests.xctest */,
				AAF79F311FEDE87B00E9F589 /* CaptureBarCodeUITests.xctest */,
			);
			name = Products;
			sourceTree = "<group>";
		};
		AAF79F141FEDE87A00E9F589 /* CaptureBarCode */ = {
			isa = PBXGroup;
			children = (
				AAF79F151FEDE87A00E9F589 /* AppDelegate.swift */,
				AAF79F171FEDE87A00E9F589 /* ViewController.swift */,
				AAF79F191FEDE87A00E9F589 /* Main.storyboard */,
				AAF79F1C1FEDE87A00E9F589 /* Images.xcassets */,
				AAF79F1E1FEDE87A00E9F589 /* LaunchScreen.storyboard */,
				AAF79F211FEDE87A00E9F589 /* Info.plist */,
				AADF39E11FFCDA0E00A8D8FC /* CaptureView.swift */,
				AAF2E86E2000D737003081AD /* CaptureCollectionViewCell.swift */,
				AAE4C7E82005C85400018CE3 /* ResouceImage */,
			);
			path = CaptureBarCode;
			sourceTree = "<group>";
		};
		AAF79F291FEDE87A00E9F589 /* CaptureBarCodeTests */ = {
			isa = PBXGroup;
			children = (
				AAF79F2A1FEDE87A00E9F589 /* CaptureBarCodeTests.swift */,
				AAF79F2C1FEDE87A00E9F589 /* Info.plist */,
			);
			path = CaptureBarCodeTests;
			sourceTree = "<group>";
		};
		AAF79F341FEDE87B00E9F589 /* CaptureBarCodeUITests */ = {
			isa = PBXGroup;
			children = (
				AAF79F351FEDE87B00E9F589 /* CaptureBarCodeUITests.swift */,
				AAF79F371FEDE87B00E9F589 /* Info.plist */,
			);
			path = CaptureBarCodeUITests;
			sourceTree = "<group>";
		};
/* End PBXGroup section */

/* Begin PBXNativeTarget section */
		AAF79F111FEDE87A00E9F589 /* CaptureBarCode */ = {
			isa = PBXNativeTarget;
			buildConfigurationList = AAF79F3A1FEDE87B00E9F589 /* Build configuration list for PBXNativeTarget "CaptureBarCode" */;
			buildPhases = (
				AAF79F0E1FEDE87A00E9F589 /* Sources */,
				AAF79F0F1FEDE87A00E9F589 /* Frameworks */,
				AAF79F101FEDE87A00E9F589 /* Resources */,
			);
			buildRules = (
			);
			dependencies = (
			);
			name = CaptureBarCode;
			productName = CaptureBarCode;
			productReference = AAF79F121FEDE87A00E9F589 /* CaptureBarCode.app */;
			productType = "com.apple.product-type.application";
		};
		AAF79F251FEDE87A00E9F589 /* CaptureBarCodeTests */ = {
			isa = PBXNativeTarget;
			buildConfigurationList = AAF79F3D1FEDE87B00E9F589 /* Build configuration list for PBXNativeTarget "CaptureBarCodeTests" */;
			buildPhases = (
				AAF79F221FEDE87A00E9F589 /* Sources */,
				AAF79F231FEDE87A00E9F589 /* Frameworks */,
				AAF79F241FEDE87A00E9F589 /* Resources */,
			);
			buildRules = (
			);
			dependencies = (
				AAF79F281FEDE87A00E9F589 /* PBXTargetDependency */,
			);
			name = CaptureBarCodeTests;
			productName = CaptureBarCodeTests;
			productReference = AAF79F261FEDE87A00E9F589 /* CaptureBarCodeTests.xctest */;
			productType = "com.apple.product-type.bundle.unit-test";
		};
		AAF79F301FEDE87B00E9F589 /* CaptureBarCodeUITests */ = {
			isa = PBXNativeTarget;
			buildConfigurationList = AAF79F401FEDE87B00E9F589 /* Build configuration list for PBXNativeTarget "CaptureBarCodeUITests" */;
			buildPhases = (
				AAF79F2D1FEDE87B00E9F589 /* Sources */,
				AAF79F2E1FEDE87B00E9F589 /* Frameworks */,
				AAF79F2F1FEDE87B00E9F589 /* Resources */,
			);
			buildRules = (
			);
			dependencies = (
				AAF79F331FEDE87B00E9F589 /* PBXTargetDependency */,
			);
			name = CaptureBarCodeUITests;
			productName = CaptureBarCodeUITests;
			productReference = AAF79F311FEDE87B00E9F589 /* CaptureBarCodeUITests.xctest */;
			productType = "com.apple.product-type.bundle.ui-testing";
		};
/* End PBXNativeTarget section */

/* Begin PBXProject section */
		AAF79F0A1FEDE87A00E9F589 /* Project object */ = {
			isa = PBXProject;
			attributes = {
				LastSwiftUpdateCheck = 0920;
				LastUpgradeCheck = 0920;
				ORGANIZATIONNAME = wangyf;
				TargetAttributes = {
					AAF79F111FEDE87A00E9F589 = {
						CreatedOnToolsVersion = 9.2;
						ProvisioningStyle = Automatic;
					};
					AAF79F251FEDE87A00E9F589 = {
						CreatedOnToolsVersion = 9.2;
						ProvisioningStyle = Automatic;
						TestTargetID = AAF79F111FEDE87A00E9F589;
					};
					AAF79F301FEDE87B00E9F589 = {
						CreatedOnToolsVersion = 9.2;
						ProvisioningStyle = Automatic;
						TestTargetID = AAF79F111FEDE87A00E9F589;
					};
				};
			};
			buildConfigurationList = AAF79F0D1FEDE87A00E9F589 /* Build configuration list for PBXProject "CaptureBarCode" */;
			compatibilityVersion = "Xcode 8.0";
			developmentRegion = en;
			hasScannedForEncodings = 0;
			knownRegions = (
				en,
				Base,
			);
			mainGroup = AAF79F091FEDE87A00E9F589;
			productRefGroup = AAF79F131FEDE87A00E9F589 /* Products */;
			projectDirPath = "";
			projectRoot = "";
			targets = (
				AAF79F111FEDE87A00E9F589 /* CaptureBarCode */,
				AAF79F251FEDE87A00E9F589 /* CaptureBarCodeTests */,
				AAF79F301FEDE87B00E9F589 /* CaptureBarCodeUITests */,
			);
		};
/* End PBXProject section */

/* Begin PBXResourcesBuildPhase section */
		AAF79F101FEDE87A00E9F589 /* Resources */ = {
			isa = PBXResourcesBuildPhase;
			buildActionMask = 2147483647;
			files = (
				AAF79F201FEDE87A00E9F589 /* LaunchScreen.storyboard in Resources */,
				AAE4C7E62005C7F600018CE3 /* zxing_laser.png in Resources */,
				AAE4C7F22005F3AD00018CE3 /* more.png in Resources */,
				AAE4C7EA2005E25500018CE3 /* nav_back.png in Resources */,
				AAF79F1D1FEDE87A00E9F589 /* Images.xcassets in Resources */,
				AAF79F1B1FEDE87A00E9F589 /* Main.storyboard in Resources */,
			);
			runOnlyForDeploymentPostprocessing = 0;
		};
		AAF79F241FEDE87A00E9F589 /* Resources */ = {
			isa = PBXResourcesBuildPhase;
			buildActionMask = 2147483647;
			files = (
			);
			runOnlyForDeploymentPostprocessing = 0;
		};
		AAF79F2F1FEDE87B00E9F589 /* Resources */ = {
			isa = PBXResourcesBuildPhase;
			buildActionMask = 2147483647;
			files = (
			);
			runOnlyForDeploymentPostprocessing = 0;
		};
/* End PBXResourcesBuildPhase section */

/* Begin PBXSourcesBuildPhase section */
		AAF79F0E1FEDE87A00E9F589 /* Sources */ = {
			isa = PBXSourcesBuildPhase;
			buildActionMask = 2147483647;
			files = (
				AAF79F181FEDE87A00E9F589 /* ViewController.swift in Sources */,
				AAF2E86F2000D737003081AD /* CaptureCollectionViewCell.swift in Sources */,
				AAF79F161FEDE87A00E9F589 /* AppDelegate.swift in Sources */,
				AADF39E21FFCDA0E00A8D8FC /* CaptureView.swift in Sources */,
			);
			runOnlyForDeploymentPostprocessing = 0;
		};
		AAF79F221FEDE87A00E9F589 /* Sources */ = {
			isa = PBXSourcesBuildPhase;
			buildActionMask = 2147483647;
			files = (
				AAF79F2B1FEDE87A00E9F589 /* CaptureBarCodeTests.swift in Sources */,
			);
			runOnlyForDeploymentPostprocessing = 0;
		};
		AAF79F2D1FEDE87B00E9F589 /* Sources */ = {
			isa = PBXSourcesBuildPhase;
			buildActionMask = 2147483647;
			files = (
				AAF79F361FEDE87B00E9F589 /* CaptureBarCodeUITests.swift in Sources */,
			);
			runOnlyForDeploymentPostprocessing = 0;
		};
/* End PBXSourcesBuildPhase section */

/* Begin PBXTargetDependency section */
		AAF79F281FEDE87A00E9F589 /* PBXTargetDependency */ = {
			isa = PBXTargetDependency;
			target = AAF79F111FEDE87A00E9F589 /* CaptureBarCode */;
			targetProxy = AAF79F271FEDE87A00E9F589 /* PBXContainerItemProxy */;
		};
		AAF79F331FEDE87B00E9F589 /* PBXTargetDependency */ = {
			isa = PBXTargetDependency;
			target = AAF79F111FEDE87A00E9F589 /* CaptureBarCode */;
			targetProxy = AAF79F321FEDE87B00E9F589 /* PBXContainerItemProxy */;
		};
/* End PBXTargetDependency section */

/* Begin PBXVariantGroup section */
		AAF79F191FEDE87A00E9F589 /* Main.storyboard */ = {
			isa = PBXVariantGroup;
			children = (
				AAF79F1A1FEDE87A00E9F589 /* Base */,
			);
			name = Main.storyboard;
			sourceTree = "<group>";
		};
		AAF79F1E1FEDE87A00E9F589 /* LaunchScreen.storyboard */ = {
			isa = PBXVariantGroup;
			children = (
				AAF79F1F1FEDE87A00E9F589 /* Base */,
			);
			name = LaunchScreen.storyboard;
			sourceTree = "<group>";
		};
/* End PBXVariantGroup section */

/* Begin XCBuildConfiguration section */
		AAF79F381FEDE87B00E9F589 /* Debug */ = {
			isa = XCBuildConfiguration;
			buildSettings = {
				ALWAYS_SEARCH_USER_PATHS = NO;
				CLANG_ANALYZER_NONNULL = YES;
				CLANG_ANALYZER_NUMBER_OBJECT_CONVERSION = YES_AGGRESSIVE;
				CLANG_CXX_LANGUAGE_STANDARD = "gnu++14";
				CLANG_CXX_LIBRARY = "libc++";
				CLANG_ENABLE_MODULES = YES;
				CLANG_ENABLE_OBJC_ARC = YES;
				CLANG_WARN_BLOCK_CAPTURE_AUTORELEASING = YES;
				CLANG_WARN_BOOL_CONVERSION = YES;
				CLANG_WARN_COMMA = YES;
				CLANG_WARN_CONSTANT_CONVERSION = YES;
				CLANG_WARN_DIRECT_OBJC_ISA_USAGE = YES_ERROR;
				CLANG_WARN_DOCUMENTATION_COMMENTS = YES;
				CLANG_WARN_EMPTY_BODY = YES;
				CLANG_WARN_ENUM_CONVERSION = YES;
				CLANG_WARN_INFINITE_RECURSION = YES;
				CLANG_WARN_INT_CONVERSION = YES;
				CLANG_WARN_NON_LITERAL_NULL_CONVERSION = YES;
				CLANG_WARN_OBJC_LITERAL_CONVERSION = YES;
				CLANG_WARN_OBJC_ROOT_CLASS = YES_ERROR;
				CLANG_WARN_RANGE_LOOP_ANALYSIS = YES;
				CLANG_WARN_STRICT_PROTOTYPES = YES;
				CLANG_WARN_SUSPICIOUS_MOVE = YES;
				CLANG_WARN_UNGUARDED_AVAILABILITY = YES_AGGRESSIVE;
				CLANG_WARN_UNREACHABLE_CODE = YES;
				CLANG_WARN__DUPLICATE_METHOD_MATCH = YES;
				CODE_SIGN_IDENTITY = "iPhone Developer";
				COPY_PHASE_STRIP = NO;
				DEBUG_INFORMATION_FORMAT = dwarf;
				ENABLE_STRICT_OBJC_MSGSEND = YES;
				ENABLE_TESTABILITY = YES;
				GCC_C_LANGUAGE_STANDARD = gnu11;
				GCC_DYNAMIC_NO_PIC = NO;
				GCC_NO_COMMON_BLOCKS = YES;
				GCC_OPTIMIZATION_LEVEL = 0;
				GCC_PREPROCESSOR_DEFINITIONS = (
					"DEBUG=1",
					"$(inherited)",
				);
				GCC_WARN_64_TO_32_BIT_CONVERSION = YES;
				GCC_WARN_ABOUT_RETURN_TYPE = YES_ERROR;
				GCC_WARN_UNDECLARED_SELECTOR = YES;
				GCC_WARN_UNINITIALIZED_AUTOS = YES_AGGRESSIVE;
				GCC_WARN_UNUSED_FUNCTION = YES;
				GCC_WARN_UNUSED_VARIABLE = YES;
				IPHONEOS_DEPLOYMENT_TARGET = 11.2;
				MTL_ENABLE_DEBUG_INFO = YES;
				ONLY_ACTIVE_ARCH = YES;
				SDKROOT = iphoneos;
				SWIFT_ACTIVE_COMPILATION_CONDITIONS = DEBUG;
				SWIFT_OPTIMIZATION_LEVEL = "-Onone";
			};
			name = Debug;
		};
		AAF79F391FEDE87B00E9F589 /* Release */ = {
			isa = XCBuildConfiguration;
			buildSettings = {
				ALWAYS_SEARCH_USER_PATHS = NO;
				CLANG_ANALYZER_NONNULL = YES;
				CLANG_ANALYZER_NUMBER_OBJECT_CONVERSION = YES_AGGRESSIVE;
				CLANG_CXX_LANGUAGE_STANDARD = "gnu++14";
				CLANG_CXX_LIBRARY = "libc++";
				CLANG_ENABLE_MODULES = YES;
				CLANG_ENABLE_OBJC_ARC = YES;
				CLANG_WARN_BLOCK_CAPTURE_AUTORELEASING = YES;
				CLANG_WARN_BOOL_CONVERSION = YES;
				CLANG_WARN_COMMA = YES;
				CLANG_WARN_CONSTANT_CONVERSION = YES;
				CLANG_WARN_DIRECT_OBJC_ISA_USAGE = YES_ERROR;
				CLANG_WARN_DOCUMENTATION_COMMENTS = YES;
				CLANG_WARN_EMPTY_BODY = YES;
				CLANG_WARN_ENUM_CONVERSION = YES;
				CLANG_WARN_INFINITE_RECURSION = YES;
				CLANG_WARN_INT_CONVERSION = YES;
				CLANG_WARN_NON_LITERAL_NULL_CONVERSION = YES;
				CLANG_WARN_OBJC_LITERAL_CONVERSION = YES;
				CLANG_WARN_OBJC_ROOT_CLASS = YES_ERROR;
				CLANG_WARN_RANGE_LOOP_ANALYSIS = YES;
				CLANG_WARN_STRICT_PROTOTYPES = YES;
				CLANG_WARN_SUSPICIOUS_MOVE = YES;
				CLANG_WARN_UNGUARDED_AVAILABILITY = YES_AGGRESSIVE;
				CLANG_WARN_UNREACHABLE_CODE = YES;
				CLANG_WARN__DUPLICATE_METHOD_MATCH = YES;
				CODE_SIGN_IDENTITY = "iPhone Developer";
				COPY_PHASE_STRIP = NO;
				DEBUG_INFORMATION_FORMAT = "dwarf-with-dsym";
				ENABLE_NS_ASSERTIONS = NO;
				ENABLE_STRICT_OBJC_MSGSEND = YES;
				GCC_C_LANGUAGE_STANDARD = gnu11;
				GCC_NO_COMMON_BLOCKS = YES;
				GCC_WARN_64_TO_32_BIT_CONVERSION = YES;
				GCC_WARN_ABOUT_RETURN_TYPE = YES_ERROR;
				GCC_WARN_UNDECLARED_SELECTOR = YES;
				GCC_WARN_UNINITIALIZED_AUTOS = YES_AGGRESSIVE;
				GCC_WARN_UNUSED_FUNCTION = YES;
				GCC_WARN_UNUSED_VARIABLE = YES;
				IPHONEOS_DEPLOYMENT_TARGET = 11.2;
				MTL_ENABLE_DEBUG_INFO = NO;
				SDKROOT = iphoneos;
				SWIFT_OPTIMIZATION_LEVEL = "-Owholemodule";
				VALIDATE_PRODUCT = YES;
			};
			name = Release;
		};
		AAF79F3B1FEDE87B00E9F589 /* Debug */ = {
			isa = XCBuildConfiguration;
			buildSettings = {
				ASSETCATALOG_COMPILER_APPICON_NAME = AppIcon;
				CODE_SIGN_STYLE = Automatic;
				DEVELOPMENT_TEAM = TFKBHB42Z8;
				INFOPLIST_FILE = CaptureBarCode/Info.plist;
				IPHONEOS_DEPLOYMENT_TARGET = 7.0;
				LD_RUNPATH_SEARCH_PATHS = "$(inherited) @executable_path/Frameworks";
				PRODUCT_BUNDLE_IDENTIFIER = wangyf.CaptureBarCode;
				PRODUCT_NAME = "$(TARGET_NAME)";
				SWIFT_VERSION = 4.0;
				TARGETED_DEVICE_FAMILY = "1,2";
			};
			name = Debug;
		};
		AAF79F3C1FEDE87B00E9F589 /* Release */ = {
			isa = XCBuildConfiguration;
			buildSettings = {
				ASSETCATALOG_COMPILER_APPICON_NAME = AppIcon;
				CODE_SIGN_STYLE = Automatic;
				DEVELOPMENT_TEAM = TFKBHB42Z8;
				INFOPLIST_FILE = CaptureBarCode/Info.plist;
				IPHONEOS_DEPLOYMENT_TARGET = 7.0;
				LD_RUNPATH_SEARCH_PATHS = "$(inherited) @executable_path/Frameworks";
				PRODUCT_BUNDLE_IDENTIFIER = wangyf.CaptureBarCode;
				PRODUCT_NAME = "$(TARGET_NAME)";
				SWIFT_VERSION = 4.0;
				TARGETED_DEVICE_FAMILY = "1,2";
			};
			name = Release;
		};
		AAF79F3E1FEDE87B00E9F589 /* Debug */ = {
			isa = XCBuildConfiguration;
			buildSettings = {
				ALWAYS_EMBED_SWIFT_STANDARD_LIBRARIES = YES;
				BUNDLE_LOADER = "$(TEST_HOST)";
				CODE_SIGN_STYLE = Automatic;
				DEVELOPMENT_TEAM = TFKBHB42Z8;
				INFOPLIST_FILE = CaptureBarCodeTests/Info.plist;
				LD_RUNPATH_SEARCH_PATHS = "$(inherited) @executable_path/Frameworks @loader_path/Frameworks";
				PRODUCT_BUNDLE_IDENTIFIER = wangyf.CaptureBarCodeTests;
				PRODUCT_NAME = "$(TARGET_NAME)";
				SWIFT_VERSION = 4.0;
				TARGETED_DEVICE_FAMILY = "1,2";
				TEST_HOST = "$(BUILT_PRODUCTS_DIR)/CaptureBarCode.app/CaptureBarCode";
			};
			name = Debug;
		};
		AAF79F3F1FEDE87B00E9F589 /* Release */ = {
			isa = XCBuildConfiguration;
			buildSettings = {
				ALWAYS_EMBED_SWIFT_STANDARD_LIBRARIES = YES;
				BUNDLE_LOADER = "$(TEST_HOST)";
				CODE_SIGN_STYLE = Automatic;
				DEVELOPMENT_TEAM = TFKBHB42Z8;
				INFOPLIST_FILE = CaptureBarCodeTests/Info.plist;
				LD_RUNPATH_SEARCH_PATHS = "$(inherited) @executable_path/Frameworks @loader_path/Frameworks";
				PRODUCT_BUNDLE_IDENTIFIER = wangyf.CaptureBarCodeTests;
				PRODUCT_NAME = "$(TARGET_NAME)";
				SWIFT_VERSION = 4.0;
				TARGETED_DEVICE_FAMILY = "1,2";
				TEST_HOST = "$(BUILT_PRODUCTS_DIR)/CaptureBarCode.app/CaptureBarCode";
			};
			name = Release;
		};
		AAF79F411FEDE87B00E9F589 /* Debug */ = {
			isa = XCBuildConfiguration;
			buildSettings = {
				ALWAYS_EMBED_SWIFT_STANDARD_LIBRARIES = YES;
				CODE_SIGN_STYLE = Automatic;
				DEVELOPMENT_TEAM = TFKBHB42Z8;
				INFOPLIST_FILE = CaptureBarCodeUITests/Info.plist;
				LD_RUNPATH_SEARCH_PATHS = "$(inherited) @executable_path/Frameworks @loader_path/Frameworks";
				PRODUCT_BUNDLE_IDENTIFIER = wangyf.CaptureBarCodeUITests;
				PRODUCT_NAME = "$(TARGET_NAME)";
				SWIFT_VERSION = 4.0;
				TARGETED_DEVICE_FAMILY = "1,2";
				TEST_TARGET_NAME = CaptureBarCode;
			};
			name = Debug;
		};
		AAF79F421FEDE87B00E9F589 /* Release */ = {
			isa = XCBuildConfiguration;
			buildSettings = {
				ALWAYS_EMBED_SWIFT_STANDARD_LIBRARIES = YES;
				CODE_SIGN_STYLE = Automatic;
				DEVELOPMENT_TEAM = TFKBHB42Z8;
				INFOPLIST_FILE = CaptureBarCodeUITests/Info.plist;
				LD_RUNPATH_SEARCH_PATHS = "$(inherited) @executable_path/Frameworks @loader_path/Frameworks";
				PRODUCT_BUNDLE_IDENTIFIER = wangyf.CaptureBarCodeUITests;
				PRODUCT_NAME = "$(TARGET_NAME)";
				SWIFT_VERSION = 4.0;
				TARGETED_DEVICE_FAMILY = "1,2";
				TEST_TARGET_NAME = CaptureBarCode;
			};
			name = Release;
		};
/* End XCBuildConfiguration section */

/* Begin XCConfigurationList section */
		AAF79F0D1FEDE87A00E9F589 /* Build configuration list for PBXProject "CaptureBarCode" */ = {
			isa = XCConfigurationList;
			buildConfigurations = (
				AAF79F381FEDE87B00E9F589 /* Debug */,
				AAF79F391FEDE87B00E9F589 /* Release */,
			);
			defaultConfigurationIsVisible = 0;
			defaultConfigurationName = Release;
		};
		AAF79F3A1FEDE87B00E9F589 /* Build configuration list for PBXNativeTarget "CaptureBarCode" */ = {
			isa = XCConfigurationList;
			buildConfigurations = (
				AAF79F3B1FEDE87B00E9F589 /* Debug */,
				AAF79F3C1FEDE87B00E9F589 /* Release */,
			);
			defaultConfigurationIsVisible = 0;
			defaultConfigurationName = Release;
		};
		AAF79F3D1FEDE87B00E9F589 /* Build configuration list for PBXNativeTarget "CaptureBarCodeTests" */ = {
			isa = XCConfigurationList;
			buildConfigurations = (
				AAF79F3E1FEDE87B00E9F589 /* Debug */,
				AAF79F3F1FEDE87B00E9F589 /* Release */,
			);
			defaultConfigurationIsVisible = 0;
			defaultConfigurationName = Release;
		};
		AAF79F401FEDE87B00E9F589 /* Build configuration list for PBXNativeTarget "CaptureBarCodeUITests" */ = {
			isa = XCConfigurationList;
			buildConfigurations = (
				AAF79F411FEDE87B00E9F589 /* Debug */,
				AAF79F421FEDE87B00E9F589 /* Release */,
			);
			defaultConfigurationIsVisible = 0;
			defaultConfigurationName = Release;
		};
/* End XCConfigurationList section */
	};
	rootObject = AAF79F0A1FEDE87A00E9F589 /* Project object */;
}
